// !$*UTF8*$!
{
	archiveVersion = 1;
	classes = {
	};
	objectVersion = 55;
	objects = {

/* Begin PBXBuildFile section */
		78684B0F288EEBEE0071EFE3 /* AppDelegate.swift in Sources */ = {isa = PBXBuildFile; fileRef = 78684B0E288EEBEE0071EFE3 /* AppDelegate.swift */; };
		78684B11288EEBEE0071EFE3 /* SceneDelegate.swift in Sources */ = {isa = PBXBuildFile; fileRef = 78684B10288EEBEE0071EFE3 /* SceneDelegate.swift */; };
		78684B13288EEBEE0071EFE3 /* ViewController.swift in Sources */ = {isa = PBXBuildFile; fileRef = 78684B12288EEBEE0071EFE3 /* ViewController.swift */; };
		78684B16288EEBEE0071EFE3 /* Main.storyboard in Resources */ = {isa = PBXBuildFile; fileRef = 78684B14288EEBEE0071EFE3 /* Main.storyboard */; };
		78684B18288EEBEF0071EFE3 /* Assets.xcassets in Resources */ = {isa = PBXBuildFile; fileRef = 78684B17288EEBEF0071EFE3 /* Assets.xcassets */; };
		78684B1B288EEBEF0071EFE3 /* LaunchScreen.storyboard in Resources */ = {isa = PBXBuildFile; fileRef = 78684B19288EEBEF0071EFE3 /* LaunchScreen.storyboard */; };
		78684B2A288EEE500071EFE3 /* SearchBarView.swift in Sources */ = {isa = PBXBuildFile; fileRef = 78684B29288EEE500071EFE3 /* SearchBarView.swift */; };
		78684B2C288EEFBB0071EFE3 /* UIView+Extensions.swift in Sources */ = {isa = PBXBuildFile; fileRef = 78684B2B288EEFBB0071EFE3 /* UIView+Extensions.swift */; };
		78684B2E288EF7000071EFE3 /* ShazamProviding.swift in Sources */ = {isa = PBXBuildFile; fileRef = 78684B2D288EF7000071EFE3 /* ShazamProviding.swift */; };
		78684B30288F0B9D0071EFE3 /* ShazamResponseModel.swift in Sources */ = {isa = PBXBuildFile; fileRef = 78684B2F288F0B9D0071EFE3 /* ShazamResponseModel.swift */; };
		78684B32289198650071EFE3 /* UIImage+Extensions.swift in Sources */ = {isa = PBXBuildFile; fileRef = 78684B31289198650071EFE3 /* UIImage+Extensions.swift */; };
		78684B352891A4420071EFE3 /* MusicList.swift in Sources */ = {isa = PBXBuildFile; fileRef = 78684B342891A4420071EFE3 /* MusicList.swift */; };
		78684B372891A4ED0071EFE3 /* MusicListCell.swift in Sources */ = {isa = PBXBuildFile; fileRef = 78684B362891A4ED0071EFE3 /* MusicListCell.swift */; };
		78684B392891B8800071EFE3 /* UIImageView+Extensions.swift in Sources */ = {isa = PBXBuildFile; fileRef = 78684B382891B8800071EFE3 /* UIImageView+Extensions.swift */; };
		78B62F992899A02D0046CB54 /* ApiCallType.swift in Sources */ = {isa = PBXBuildFile; fileRef = 78B62F982899A02C0046CB54 /* ApiCallType.swift */; };
		78B62F9B2899A1330046CB54 /* URLSessions+Extensions.swift in Sources */ = {isa = PBXBuildFile; fileRef = 78B62F9A2899A1330046CB54 /* URLSessions+Extensions.swift */; };
		78B62F9D2899A3E90046CB54 /* URLComponents+Extensions.swift in Sources */ = {isa = PBXBuildFile; fileRef = 78B62F9C2899A3E90046CB54 /* URLComponents+Extensions.swift */; };
		78FD8E27289AEBB80009A064 /* URLRequest+Extensions.swift in Sources */ = {isa = PBXBuildFile; fileRef = 78FD8E26289AEBB80009A064 /* URLRequest+Extensions.swift */; };
/* End PBXBuildFile section */

/* Begin PBXFileReference section */
		78684B0B288EEBEE0071EFE3 /* Shazam.app */ = {isa = PBXFileReference; explicitFileType = wrapper.application; includeInIndex = 0; path = Shazam.app; sourceTree = BUILT_PRODUCTS_DIR; };
		78684B0E288EEBEE0071EFE3 /* AppDelegate.swift */ = {isa = PBXFileReference; lastKnownFileType = sourcecode.swift; path = AppDelegate.swift; sourceTree = "<group>"; };
		78684B10288EEBEE0071EFE3 /* SceneDelegate.swift */ = {isa = PBXFileReference; lastKnownFileType = sourcecode.swift; path = SceneDelegate.swift; sourceTree = "<group>"; };
		78684B12288EEBEE0071EFE3 /* ViewController.swift */ = {isa = PBXFileReference; lastKnownFileType = sourcecode.swift; path = ViewController.swift; sourceTree = "<group>"; };
		78684B15288EEBEE0071EFE3 /* Base */ = {isa = PBXFileReference; lastKnownFileType = file.storyboard; name = Base; path = Base.lproj/Main.storyboard; sourceTree = "<group>"; };
		78684B17288EEBEF0071EFE3 /* Assets.xcassets */ = {isa = PBXFileReference; lastKnownFileType = folder.assetcatalog; path = Assets.xcassets; sourceTree = "<group>"; };
		78684B1A288EEBEF0071EFE3 /* Base */ = {isa = PBXFileReference; lastKnownFileType = file.storyboard; name = Base; path = Base.lproj/LaunchScreen.storyboard; sourceTree = "<group>"; };
		78684B1C288EEBEF0071EFE3 /* Info.plist */ = {isa = PBXFileReference; lastKnownFileType = text.plist.xml; path = Info.plist; sourceTree = "<group>"; };
		78684B29288EEE500071EFE3 /* SearchBarView.swift */ = {isa = PBXFileReference; lastKnownFileType = sourcecode.swift; path = SearchBarView.swift; sourceTree = "<group>"; };
		78684B2B288EEFBB0071EFE3 /* UIView+Extensions.swift */ = {isa = PBXFileReference; lastKnownFileType = sourcecode.swift; path = "UIView+Extensions.swift"; sourceTree = "<group>"; };
		78684B2D288EF7000071EFE3 /* ShazamProviding.swift */ = {isa = PBXFileReference; lastKnownFileType = sourcecode.swift; path = ShazamProviding.swift; sourceTree = "<group>"; };
		78684B2F288F0B9D0071EFE3 /* ShazamResponseModel.swift */ = {isa = PBXFileReference; lastKnownFileType = sourcecode.swift; path = ShazamResponseModel.swift; sourceTree = "<group>"; };
		78684B31289198650071EFE3 /* UIImage+Extensions.swift */ = {isa = PBXFileReference; lastKnownFileType = sourcecode.swift; path = "UIImage+Extensions.swift"; sourceTree = "<group>"; };
		78684B342891A4420071EFE3 /* MusicList.swift */ = {isa = PBXFileReference; lastKnownFileType = sourcecode.swift; path = MusicList.swift; sourceTree = "<group>"; };
		78684B362891A4ED0071EFE3 /* MusicListCell.swift */ = {isa = PBXFileReference; lastKnownFileType = sourcecode.swift; path = MusicListCell.swift; sourceTree = "<group>"; };
		78684B382891B8800071EFE3 /* UIImageView+Extensions.swift */ = {isa = PBXFileReference; lastKnownFileType = sourcecode.swift; path = "UIImageView+Extensions.swift"; sourceTree = "<group>"; };
		78B62F982899A02C0046CB54 /* ApiCallType.swift */ = {isa = PBXFileReference; lastKnownFileType = sourcecode.swift; path = ApiCallType.swift; sourceTree = "<group>"; };
		78B62F9A2899A1330046CB54 /* URLSessions+Extensions.swift */ = {isa = PBXFileReference; lastKnownFileType = sourcecode.swift; path = "URLSessions+Extensions.swift"; sourceTree = "<group>"; };
		78B62F9C2899A3E90046CB54 /* URLComponents+Extensions.swift */ = {isa = PBXFileReference; lastKnownFileType = sourcecode.swift; path = "URLComponents+Extensions.swift"; sourceTree = "<group>"; };
		78FD8E26289AEBB80009A064 /* URLRequest+Extensions.swift */ = {isa = PBXFileReference; lastKnownFileType = sourcecode.swift; path = "URLRequest+Extensions.swift"; sourceTree = "<group>"; };
/* End PBXFileReference section */

/* Begin PBXFrameworksBuildPhase section */
		78684B08288EEBEE0071EFE3 /* Frameworks */ = {
			isa = PBXFrameworksBuildPhase;
			buildActionMask = 2147483647;
			files = (
			);
			runOnlyForDeploymentPostprocessing = 0;
		};
/* End PBXFrameworksBuildPhase section */

/* Begin PBXGroup section */
		78684B02288EEBEE0071EFE3 = {
			isa = PBXGroup;
			children = (
				78684B0D288EEBEE0071EFE3 /* Shazam */,
				78684B0C288EEBEE0071EFE3 /* Products */,
			);
			sourceTree = "<group>";
		};
		78684B0C288EEBEE0071EFE3 /* Products */ = {
			isa = PBXGroup;
			children = (
				78684B0B288EEBEE0071EFE3 /* Shazam.app */,
			);
			name = Products;
			sourceTree = "<group>";
		};
		78684B0D288EEBEE0071EFE3 /* Shazam */ = {
			isa = PBXGroup;
			children = (
				78B62F972899A01A0046CB54 /* TypeDefinition */,
				78684B26288EEDE50071EFE3 /* Presentation */,
				78684B25288EEDD10071EFE3 /* Models */,
				78684B24288EEDCA0071EFE3 /* Extensions */,
				78684B22288EEDBB0071EFE3 /* Protocols */,
				78684B0E288EEBEE0071EFE3 /* AppDelegate.swift */,
				78684B10288EEBEE0071EFE3 /* SceneDelegate.swift */,
				78684B12288EEBEE0071EFE3 /* ViewController.swift */,
				78684B14288EEBEE0071EFE3 /* Main.storyboard */,
				78684B17288EEBEF0071EFE3 /* Assets.xcassets */,
				78684B19288EEBEF0071EFE3 /* LaunchScreen.storyboard */,
				78684B1C288EEBEF0071EFE3 /* Info.plist */,
			);
			path = Shazam;
			sourceTree = "<group>";
		};
		78684B22288EEDBB0071EFE3 /* Protocols */ = {
			isa = PBXGroup;
			children = (
				78684B2D288EF7000071EFE3 /* ShazamProviding.swift */,
			);
			path = Protocols;
			sourceTree = "<group>";
		};
		78684B24288EEDCA0071EFE3 /* Extensions */ = {
			isa = PBXGroup;
			children = (
				78684B2B288EEFBB0071EFE3 /* UIView+Extensions.swift */,
				78684B31289198650071EFE3 /* UIImage+Extensions.swift */,
				78684B382891B8800071EFE3 /* UIImageView+Extensions.swift */,
				78B62F9A2899A1330046CB54 /* URLSessions+Extensions.swift */,
				78B62F9C2899A3E90046CB54 /* URLComponents+Extensions.swift */,
				78FD8E26289AEBB80009A064 /* URLRequest+Extensions.swift */,
			);
			path = Extensions;
			sourceTree = "<group>";
		};
		78684B25288EEDD10071EFE3 /* Models */ = {
			isa = PBXGroup;
			children = (
				78684B2F288F0B9D0071EFE3 /* ShazamResponseModel.swift */,
			);
			path = Models;
			sourceTree = "<group>";
		};
		78684B26288EEDE50071EFE3 /* Presentation */ = {
			isa = PBXGroup;
			children = (
				78684B27288EEDEA0071EFE3 /* Components */,
			);
			path = Presentation;
			sourceTree = "<group>";
		};
		78684B27288EEDEA0071EFE3 /* Components */ = {
			isa = PBXGroup;
			children = (
				78684B332891A4250071EFE3 /* MusicList */,
				78684B28288EEE310071EFE3 /* SearchBar */,
			);
			path = Components;
			sourceTree = "<group>";
		};
		78684B28288EEE310071EFE3 /* SearchBar */ = {
			isa = PBXGroup;
			children = (
				78684B29288EEE500071EFE3 /* SearchBarView.swift */,
			);
			path = SearchBar;
			sourceTree = "<group>";
		};
		78684B332891A4250071EFE3 /* MusicList */ = {
			isa = PBXGroup;
			children = (
				78684B342891A4420071EFE3 /* MusicList.swift */,
				78684B362891A4ED0071EFE3 /* MusicListCell.swift */,
			);
			path = MusicList;
			sourceTree = "<group>";
		};
		78B62F972899A01A0046CB54 /* TypeDefinition */ = {
			isa = PBXGroup;
			children = (
				78B62F982899A02C0046CB54 /* ApiCallType.swift */,
			);
			path = TypeDefinition;
			sourceTree = "<group>";
		};
/* End PBXGroup section */

/* Begin PBXNativeTarget section */
		78684B0A288EEBEE0071EFE3 /* Shazam */ = {
			isa = PBXNativeTarget;
			buildConfigurationList = 78684B1F288EEBEF0071EFE3 /* Build configuration list for PBXNativeTarget "Shazam" */;
			buildPhases = (
				78684B07288EEBEE0071EFE3 /* Sources */,
				78684B08288EEBEE0071EFE3 /* Frameworks */,
				78684B09288EEBEE0071EFE3 /* Resources */,
			);
			buildRules = (
			);
			dependencies = (
			);
			name = Shazam;
			productName = Shazam;
			productReference = 78684B0B288EEBEE0071EFE3 /* Shazam.app */;
			productType = "com.apple.product-type.application";
		};
/* End PBXNativeTarget section */

/* Begin PBXProject section */
		78684B03288EEBEE0071EFE3 /* Project object */ = {
			isa = PBXProject;
			attributes = {
				BuildIndependentTargetsInParallel = 1;
				LastSwiftUpdateCheck = 1340;
				LastUpgradeCheck = 1340;
				TargetAttributes = {
					78684B0A288EEBEE0071EFE3 = {
						CreatedOnToolsVersion = 13.4;
					};
				};
			};
			buildConfigurationList = 78684B06288EEBEE0071EFE3 /* Build configuration list for PBXProject "Shazam" */;
			compatibilityVersion = "Xcode 13.0";
			developmentRegion = en;
			hasScannedForEncodings = 0;
			knownRegions = (
				en,
				Base,
			);
			mainGroup = 78684B02288EEBEE0071EFE3;
			productRefGroup = 78684B0C288EEBEE0071EFE3 /* Products */;
			projectDirPath = "";
			projectRoot = "";
			targets = (
				78684B0A288EEBEE0071EFE3 /* Shazam */,
			);
		};
/* End PBXProject section */

/* Begin PBXResourcesBuildPhase section */
		78684B09288EEBEE0071EFE3 /* Resources */ = {
			isa = PBXResourcesBuildPhase;
			buildActionMask = 2147483647;
			files = (
				78684B1B288EEBEF0071EFE3 /* LaunchScreen.storyboard in Resources */,
				78684B18288EEBEF0071EFE3 /* Assets.xcassets in Resources */,
				78684B16288EEBEE0071EFE3 /* Main.storyboard in Resources */,
			);
			runOnlyForDeploymentPostprocessing = 0;
		};
/* End PBXResourcesBuildPhase section */

/* Begin PBXSourcesBuildPhase section */
		78684B07288EEBEE0071EFE3 /* Sources */ = {
			isa = PBXSourcesBuildPhase;
			buildActionMask = 2147483647;
			files = (
				78684B352891A4420071EFE3 /* MusicList.swift in Sources */,
				78684B30288F0B9D0071EFE3 /* ShazamResponseModel.swift in Sources */,
				78684B392891B8800071EFE3 /* UIImageView+Extensions.swift in Sources */,
				78FD8E27289AEBB80009A064 /* URLRequest+Extensions.swift in Sources */,
				78B62F9D2899A3E90046CB54 /* URLComponents+Extensions.swift in Sources */,
				78684B2A288EEE500071EFE3 /* SearchBarView.swift in Sources */,
				78B62F992899A02D0046CB54 /* ApiCallType.swift in Sources */,
				78684B372891A4ED0071EFE3 /* MusicListCell.swift in Sources */,
				78684B13288EEBEE0071EFE3 /* ViewController.swift in Sources */,
				78B62F9B2899A1330046CB54 /* URLSessions+Extensions.swift in Sources */,
				78684B2C288EEFBB0071EFE3 /* UIView+Extensions.swift in Sources */,
				78684B0F288EEBEE0071EFE3 /* AppDelegate.swift in Sources */,
				78684B2E288EF7000071EFE3 /* ShazamProviding.swift in Sources */,
				78684B11288EEBEE0071EFE3 /* SceneDelegate.swift in Sources */,
				78684B32289198650071EFE3 /* UIImage+Extensions.swift in Sources */,
			);
			runOnlyForDeploymentPostprocessing = 0;
		};
/* End PBXSourcesBuildPhase section */

/* Begin PBXVariantGroup section */
		78684B14288EEBEE0071EFE3 /* Main.storyboard */ = {
			isa = PBXVariantGroup;
			children = (
				78684B15288EEBEE0071EFE3 /* Base */,
			);
			name = Main.storyboard;
			sourceTree = "<group>";
		};
		78684B19288EEBEF0071EFE3 /* LaunchScreen.storyboard */ = {
			isa = PBXVariantGroup;
			children = (
				78684B1A288EEBEF0071EFE3 /* Base */,
			);
			name = LaunchScreen.storyboard;
			sourceTree = "<group>";
		};
/* End PBXVariantGroup section */

/* Begin XCBuildConfiguration section */
		78684B1D288EEBEF0071EFE3 /* Debug */ = {
			isa = XCBuildConfiguration;
			buildSettings = {
				ALWAYS_SEARCH_USER_PATHS = NO;
				CLANG_ANALYZER_NONNULL = YES;
				CLANG_ANALYZER_NUMBER_OBJECT_CONVERSION = YES_AGGRESSIVE;
				CLANG_CXX_LANGUAGE_STANDARD = "gnu++17";
				CLANG_ENABLE_MODULES = YES;
				CLANG_ENABLE_OBJC_ARC = YES;
				CLANG_ENABLE_OBJC_WEAK = YES;
				CLANG_WARN_BLOCK_CAPTURE_AUTORELEASING = YES;
				CLANG_WARN_BOOL_CONVERSION = YES;
				CLANG_WARN_COMMA = YES;
				CLANG_WARN_CONSTANT_CONVERSION = YES;
				CLANG_WARN_DEPRECATED_OBJC_IMPLEMENTATIONS = YES;
				CLANG_WARN_DIRECT_OBJC_ISA_USAGE = YES_ERROR;
				CLANG_WARN_DOCUMENTATION_COMMENTS = YES;
				CLANG_WARN_EMPTY_BODY = YES;
				CLANG_WARN_ENUM_CONVERSION = YES;
				CLANG_WARN_INFINITE_RECURSION = YES;
				CLANG_WARN_INT_CONVERSION = YES;
				CLANG_WARN_NON_LITERAL_NULL_CONVERSION = YES;
				CLANG_WARN_OBJC_IMPLICIT_RETAIN_SELF = YES;
				CLANG_WARN_OBJC_LITERAL_CONVERSION = YES;
				CLANG_WARN_OBJC_ROOT_CLASS = YES_ERROR;
				CLANG_WARN_QUOTED_INCLUDE_IN_FRAMEWORK_HEADER = YES;
				CLANG_WARN_RANGE_LOOP_ANALYSIS = YES;
				CLANG_WARN_STRICT_PROTOTYPES = YES;
				CLANG_WARN_SUSPICIOUS_MOVE = YES;
				CLANG_WARN_UNGUARDED_AVAILABILITY = YES_AGGRESSIVE;
				CLANG_WARN_UNREACHABLE_CODE = YES;
				CLANG_WARN__DUPLICATE_METHOD_MATCH = YES;
				COPY_PHASE_STRIP = NO;
				DEBUG_INFORMATION_FORMAT = dwarf;
				ENABLE_STRICT_OBJC_MSGSEND = YES;
				ENABLE_TESTABILITY = YES;
				GCC_C_LANGUAGE_STANDARD = gnu11;
				GCC_DYNAMIC_NO_PIC = NO;
				GCC_NO_COMMON_BLOCKS = YES;
				GCC_OPTIMIZATION_LEVEL = 0;
				GCC_PREPROCESSOR_DEFINITIONS = (
					"DEBUG=1",
					"$(inherited)",
				);
				GCC_WARN_64_TO_32_BIT_CONVERSION = YES;
				GCC_WARN_ABOUT_RETURN_TYPE = YES_ERROR;
				GCC_WARN_UNDECLARED_SELECTOR = YES;
				GCC_WARN_UNINITIALIZED_AUTOS = YES_AGGRESSIVE;
				GCC_WARN_UNUSED_FUNCTION = YES;
				GCC_WARN_UNUSED_VARIABLE = YES;
				IPHONEOS_DEPLOYMENT_TARGET = 15.5;
				MTL_ENABLE_DEBUG_INFO = INCLUDE_SOURCE;
				MTL_FAST_MATH = YES;
				ONLY_ACTIVE_ARCH = YES;
				SDKROOT = iphoneos;
				SWIFT_ACTIVE_COMPILATION_CONDITIONS = DEBUG;
				SWIFT_OPTIMIZATION_LEVEL = "-Onone";
			};
			name = Debug;
		};
		78684B1E288EEBEF0071EFE3 /* Release */ = {
			isa = XCBuildConfiguration;
			buildSettings = {
				ALWAYS_SEARCH_USER_PATHS = NO;
				CLANG_ANALYZER_NONNULL = YES;
				CLANG_ANALYZER_NUMBER_OBJECT_CONVERSION = YES_AGGRESSIVE;
				CLANG_CXX_LANGUAGE_STANDARD = "gnu++17";
				CLANG_ENABLE_MODULES = YES;
				CLANG_ENABLE_OBJC_ARC = YES;
				CLANG_ENABLE_OBJC_WEAK = YES;
				CLANG_WARN_BLOCK_CAPTURE_AUTORELEASING = YES;
				CLANG_WARN_BOOL_CONVERSION = YES;
				CLANG_WARN_COMMA = YES;
				CLANG_WARN_CONSTANT_CONVERSION = YES;
				CLANG_WARN_DEPRECATED_OBJC_IMPLEMENTATIONS = YES;
				CLANG_WARN_DIRECT_OBJC_ISA_USAGE = YES_ERROR;
				CLANG_WARN_DOCUMENTATION_COMMENTS = YES;
				CLANG_WARN_EMPTY_BODY = YES;
				CLANG_WARN_ENUM_CONVERSION = YES;
				CLANG_WARN_INFINITE_RECURSION = YES;
				CLANG_WARN_INT_CONVERSION = YES;
				CLANG_WARN_NON_LITERAL_NULL_CONVERSION = YES;
				CLANG_WARN_OBJC_IMPLICIT_RETAIN_SELF = YES;
				CLANG_WARN_OBJC_LITERAL_CONVERSION = YES;
				CLANG_WARN_OBJC_ROOT_CLASS = YES_ERROR;
				CLANG_WARN_QUOTED_INCLUDE_IN_FRAMEWORK_HEADER = YES;
				CLANG_WARN_RANGE_LOOP_ANALYSIS = YES;
				CLANG_WARN_STRICT_PROTOTYPES = YES;
				CLANG_WARN_SUSPICIOUS_MOVE = YES;
				CLANG_WARN_UNGUARDED_AVAILABILITY = YES_AGGRESSIVE;
				CLANG_WARN_UNREACHABLE_CODE = YES;
				CLANG_WARN__DUPLICATE_METHOD_MATCH = YES;
				COPY_PHASE_STRIP = NO;
				DEBUG_INFORMATION_FORMAT = "dwarf-with-dsym";
				ENABLE_NS_ASSERTIONS = NO;
				ENABLE_STRICT_OBJC_MSGSEND = YES;
				GCC_C_LANGUAGE_STANDARD = gnu11;
				GCC_NO_COMMON_BLOCKS = YES;
				GCC_WARN_64_TO_32_BIT_CONVERSION = YES;
				GCC_WARN_ABOUT_RETURN_TYPE = YES_ERROR;
				GCC_WARN_UNDECLARED_SELECTOR = YES;
				GCC_WARN_UNINITIALIZED_AUTOS = YES_AGGRESSIVE;
				GCC_WARN_UNUSED_FUNCTION = YES;
				GCC_WARN_UNUSED_VARIABLE = YES;
				IPHONEOS_DEPLOYMENT_TARGET = 15.5;
				MTL_ENABLE_DEBUG_INFO = NO;
				MTL_FAST_MATH = YES;
				SDKROOT = iphoneos;
				SWIFT_COMPILATION_MODE = wholemodule;
				SWIFT_OPTIMIZATION_LEVEL = "-O";
				VALIDATE_PRODUCT = YES;
			};
			name = Release;
		};
		78684B20288EEBEF0071EFE3 /* Debug */ = {
			isa = XCBuildConfiguration;
			buildSettings = {
				ASSETCATALOG_COMPILER_APPICON_NAME = AppIcon;
				ASSETCATALOG_COMPILER_GLOBAL_ACCENT_COLOR_NAME = AccentColor;
				CODE_SIGN_IDENTITY = "Apple Development";
				CODE_SIGN_STYLE = Automatic;
				CURRENT_PROJECT_VERSION = 1;
				DEVELOPMENT_TEAM = V2S7FN3688;
				GENERATE_INFOPLIST_FILE = YES;
				INFOPLIST_FILE = Shazam/Info.plist;
				INFOPLIST_KEY_CFBundleDisplayName = Shazam;
				INFOPLIST_KEY_UIApplicationSupportsIndirectInputEvents = YES;
				INFOPLIST_KEY_UILaunchStoryboardName = LaunchScreen;
				INFOPLIST_KEY_UIMainStoryboardFile = Main;
				INFOPLIST_KEY_UISupportedInterfaceOrientations_iPad = "UIInterfaceOrientationPortrait UIInterfaceOrientationPortraitUpsideDown UIInterfaceOrientationLandscapeLeft UIInterfaceOrientationLandscapeRight";
				INFOPLIST_KEY_UISupportedInterfaceOrientations_iPhone = "UIInterfaceOrientationPortrait UIInterfaceOrientationLandscapeLeft UIInterfaceOrientationLandscapeRight";
				LD_RUNPATH_SEARCH_PATHS = (
					"$(inherited)",
					"@executable_path/Frameworks",
				);
				MARKETING_VERSION = 1.0;
				PRODUCT_BUNDLE_IDENTIFIER = com.jhon.ShazamSearchTesting;
				PRODUCT_NAME = "$(TARGET_NAME)";
				PROVISIONING_PROFILE_SPECIFIER = "";
				SWIFT_EMIT_LOC_STRINGS = YES;
				SWIFT_VERSION = 5.0;
				TARGETED_DEVICE_FAMILY = "1,2";
			};
			name = Debug;
		};
		78684B21288EEBEF0071EFE3 /* Release */ = {
			isa = XCBuildConfiguration;
			buildSettings = {
				ASSETCATALOG_COMPILER_APPICON_NAME = AppIcon;
				ASSETCATALOG_COMPILER_GLOBAL_ACCENT_COLOR_NAME = AccentColor;
				CODE_SIGN_IDENTITY = "Apple Development";
				CODE_SIGN_STYLE = Automatic;
				CURRENT_PROJECT_VERSION = 1;
				DEVELOPMENT_TEAM = V2S7FN3688;
				GENERATE_INFOPLIST_FILE = YES;
				INFOPLIST_FILE = Shazam/Info.plist;
				INFOPLIST_KEY_CFBundleDisplayName = Shazam;
				INFOPLIST_KEY_UIApplicationSupportsIndirectInputEvents = YES;
				INFOPLIST_KEY_UILaunchStoryboardName = LaunchScreen;
				INFOPLIST_KEY_UIMainStoryboardFile = Main;
				INFOPLIST_KEY_UISupportedInterfaceOrientations_iPad = "UIInterfaceOrientationPortrait UIInterfaceOrientationPortraitUpsideDown UIInterfaceOrientationLandscapeLeft UIInterfaceOrientationLandscapeRight";
				INFOPLIST_KEY_UISupportedInterfaceOrientations_iPhone = "UIInterfaceOrientationPortrait UIInterfaceOrientationLandscapeLeft UIInterfaceOrientationLandscapeRight";
				LD_RUNPATH_SEARCH_PATHS = (
					"$(inherited)",
					"@executable_path/Frameworks",
				);
				MARKETING_VERSION = 1.0;
				PRODUCT_BUNDLE_IDENTIFIER = com.jhon.ShazamSearchTesting;
				PRODUCT_NAME = "$(TARGET_NAME)";
				PROVISIONING_PROFILE_SPECIFIER = "";
				SWIFT_EMIT_LOC_STRINGS = YES;
				SWIFT_VERSION = 5.0;
				TARGETED_DEVICE_FAMILY = "1,2";
			};
			name = Release;
		};
/* End XCBuildConfiguration section */

/* Begin XCConfigurationList section */
		78684B06288EEBEE0071EFE3 /* Build configuration list for PBXProject "Shazam" */ = {
			isa = XCConfigurationList;
			buildConfigurations = (
				78684B1D288EEBEF0071EFE3 /* Debug */,
				78684B1E288EEBEF0071EFE3 /* Release */,
			);
			defaultConfigurationIsVisible = 0;
			defaultConfigurationName = Debug;
		};
		78684B1F288EEBEF0071EFE3 /* Build configuration list for PBXNativeTarget "Shazam" */ = {
			isa = XCConfigurationList;
			buildConfigurations = (
				78684B20288EEBEF0071EFE3 /* Debug */,
				78684B21288EEBEF0071EFE3 /* Release */,
			);
			defaultConfigurationIsVisible = 0;
			defaultConfigurationName = Debug;
		};
/* End XCConfigurationList section */
	};
	rootObject = 78684B03288EEBEE0071EFE3 /* Project object */;
}
